
Microsoft Visual Studio Solution File, Format Version 12.00
# Visual Studio 15
VisualStudioVersion = 15.0.28010.2046
MinimumVisualStudioVersion = 10.0.40219.1
Project("{FAE04EC0-301F-11D3-BF4B-00C04F79EFBC}") = "wmi-parser", "wmi-parser.csproj", "{183B0BCC-55AE-4336-BE27-8A9A57A153AF}"
EndProject
Global
	GlobalSection(SolutionConfigurationPlatforms) = preSolution
		Debug|Any CPU = Debug|Any CPU
		Release|Any CPU = Release|Any CPU
	EndGlobalSection
	GlobalSection(ProjectConfigurationPlatforms) = postSolution
		{183B0BCC-55AE-4336-BE27-8A9A57A153AF}.Debug|Any CPU.ActiveCfg = Debug|Any CPU
		{183B0BCC-55AE-4336-BE27-8A9A57A153AF}.Debug|Any CPU.Build.0 = Debug|Any CPU
		{183B0BCC-55AE-4336-BE27-8A9A57A153AF}.Release|Any CPU.ActiveCfg = Release|Any CPU
		{183B0BCC-55AE-4336-BE27-8A9A57A153AF}.Release|Any CPU.Build.0 = Release|Any CPU
	EndGlobalSection
	GlobalSection(SolutionProperties) = preSolution
		HideSolutionNode = FALSE
	EndGlobalSection
	GlobalSection(ExtensibilityGlobals) = postSolution
		SolutionGuid = {9A80B687-C5F2-4BF9-BF7E-6ACB251A07C4}
	EndGlobalSection
EndGlobal
